// !$*UTF8*$!
{
	archiveVersion = 1;
	classes = {
	};
	objectVersion = 46;
	objects = {

/* Begin PBXBuildFile section */
		6928F7A11DDC6E640087EEEA /* PGMidi.mm in Sources */ = {isa = PBXBuildFile; fileRef = 6928F79C1DDC6E640087EEEA /* PGMidi.mm */; };
		6928F7A21DDC6E640087EEEA /* PGMidiAllSources.mm in Sources */ = {isa = PBXBuildFile; fileRef = 6928F79E1DDC6E640087EEEA /* PGMidiAllSources.mm */; };
		6928F7A31DDC6E640087EEEA /* PGMidiFind.mm in Sources */ = {isa = PBXBuildFile; fileRef = 6928F7A01DDC6E640087EEEA /* PGMidiFind.mm */; };
		6989379D1DDA23B9006F0515 /* 4 Filled.png in Resources */ = {isa = PBXBuildFile; fileRef = 698937781DDA23B9006F0515 /* 4 Filled.png */; };
		6989379E1DDA23B9006F0515 /* Activity Grid Filled.png in Resources */ = {isa = PBXBuildFile; fileRef = 698937791DDA23B9006F0515 /* Activity Grid Filled.png */; };
		6989379F1DDA23B9006F0515 /* Activity Grid.png in Resources */ = {isa = PBXBuildFile; fileRef = 6989377A1DDA23B9006F0515 /* Activity Grid.png */; };
		698937A01DDA23B9006F0515 /* Bass Drum Filled.png in Resources */ = {isa = PBXBuildFile; fileRef = 6989377B1DDA23B9006F0515 /* Bass Drum Filled.png */; };
		698937A11DDA23B9006F0515 /* Bass Drum.png in Resources */ = {isa = PBXBuildFile; fileRef = 6989377C1DDA23B9006F0515 /* Bass Drum.png */; };
		698937A21DDA23B9006F0515 /* Circled 4 Filled.png in Resources */ = {isa = PBXBuildFile; fileRef = 6989377D1DDA23B9006F0515 /* Circled 4 Filled.png */; };
		698937A31DDA23B9006F0515 /* Circled 4.png in Resources */ = {isa = PBXBuildFile; fileRef = 6989377E1DDA23B9006F0515 /* Circled 4.png */; };
		698937A41DDA23B9006F0515 /* Circled 5 .png in Resources */ = {isa = PBXBuildFile; fileRef = 6989377F1DDA23B9006F0515 /* Circled 5 .png */; };
		698937A51DDA23B9006F0515 /* Electronic Music Filled.png in Resources */ = {isa = PBXBuildFile; fileRef = 698937801DDA23B9006F0515 /* Electronic Music Filled.png */; };
		698937A61DDA23B9006F0515 /* Electronic Music.png in Resources */ = {isa = PBXBuildFile; fileRef = 698937811DDA23B9006F0515 /* Electronic Music.png */; };
		698937A71DDA23B9006F0515 /* Fast Forward Filled.png in Resources */ = {isa = PBXBuildFile; fileRef = 698937821DDA23B9006F0515 /* Fast Forward Filled.png */; };
		698937A81DDA23B9006F0515 /* Fast Forward.png in Resources */ = {isa = PBXBuildFile; fileRef = 698937831DDA23B9006F0515 /* Fast Forward.png */; };
		698937A91DDA23B9006F0515 /* Horizontal Settings Mixer Filled.png in Resources */ = {isa = PBXBuildFile; fileRef = 698937841DDA23B9006F0515 /* Horizontal Settings Mixer Filled.png */; };
		698937AA1DDA23B9006F0515 /* Horizontal Settings Mixer.png in Resources */ = {isa = PBXBuildFile; fileRef = 698937851DDA23B9006F0515 /* Horizontal Settings Mixer.png */; };
		698937AB1DDA23B9006F0515 /* Mixer.png in Resources */ = {isa = PBXBuildFile; fileRef = 698937861DDA23B9006F0515 /* Mixer.png */; };
		698937AC1DDA23B9006F0515 /* Musical Notes.png in Resources */ = {isa = PBXBuildFile; fileRef = 698937871DDA23B9006F0515 /* Musical Notes.png */; };
		698937AD1DDA23B9006F0515 /* Piano Filled.png in Resources */ = {isa = PBXBuildFile; fileRef = 698937881DDA23B9006F0515 /* Piano Filled.png */; };
		698937AE1DDA23B9006F0515 /* Piano.png in Resources */ = {isa = PBXBuildFile; fileRef = 698937891DDA23B9006F0515 /* Piano.png */; };
		698937AF1DDA23B9006F0515 /* Play Filled.png in Resources */ = {isa = PBXBuildFile; fileRef = 6989378A1DDA23B9006F0515 /* Play Filled.png */; };
		698937B01DDA23B9006F0515 /* Play Record Filled.png in Resources */ = {isa = PBXBuildFile; fileRef = 6989378B1DDA23B9006F0515 /* Play Record Filled.png */; };
		698937B11DDA23B9006F0515 /* Play Record.png in Resources */ = {isa = PBXBuildFile; fileRef = 6989378C1DDA23B9006F0515 /* Play Record.png */; };
		698937B21DDA23B9006F0515 /* Play.png in Resources */ = {isa = PBXBuildFile; fileRef = 6989378D1DDA23B9006F0515 /* Play.png */; };
		698937B31DDA23B9006F0515 /* Record_2.png in Resources */ = {isa = PBXBuildFile; fileRef = 6989378E1DDA23B9006F0515 /* Record_2.png */; };
		698937B41DDA23B9006F0515 /* Record.png in Resources */ = {isa = PBXBuildFile; fileRef = 6989378F1DDA23B9006F0515 /* Record.png */; };
		698937B51DDA23B9006F0515 /* Repeat Filled.png in Resources */ = {isa = PBXBuildFile; fileRef = 698937901DDA23B9006F0515 /* Repeat Filled.png */; };
		698937B61DDA23B9006F0515 /* Repeat.png in Resources */ = {isa = PBXBuildFile; fileRef = 698937911DDA23B9006F0515 /* Repeat.png */; };
		698937B71DDA23B9006F0515 /* Rewind Filled.png in Resources */ = {isa = PBXBuildFile; fileRef = 698937921DDA23B9006F0515 /* Rewind Filled.png */; };
		698937B81DDA23B9006F0515 /* Rewind.png in Resources */ = {isa = PBXBuildFile; fileRef = 698937931DDA23B9006F0515 /* Rewind.png */; };
		698937B91DDA23B9006F0515 /* Skip to Start Filled.png in Resources */ = {isa = PBXBuildFile; fileRef = 698937941DDA23B9006F0515 /* Skip to Start Filled.png */; };
		698937BA1DDA23B9006F0515 /* Skip to Start.png in Resources */ = {isa = PBXBuildFile; fileRef = 698937951DDA23B9006F0515 /* Skip to Start.png */; };
		698937BB1DDA23B9006F0515 /* Stop Filled.png in Resources */ = {isa = PBXBuildFile; fileRef = 698937961DDA23B9006F0515 /* Stop Filled.png */; };
		698937BC1DDA23B9006F0515 /* Stop.png in Resources */ = {isa = PBXBuildFile; fileRef = 698937971DDA23B9006F0515 /* Stop.png */; };
		698937BD1DDA23B9006F0515 /* Time Filled.png in Resources */ = {isa = PBXBuildFile; fileRef = 698937981DDA23B9006F0515 /* Time Filled.png */; };
		698937BE1DDA23B9006F0515 /* Time.png in Resources */ = {isa = PBXBuildFile; fileRef = 698937991DDA23B9006F0515 /* Time.png */; };
		698937BF1DDA23B9006F0515 /* Vertical Settings Mixer Filled.png in Resources */ = {isa = PBXBuildFile; fileRef = 6989379A1DDA23B9006F0515 /* Vertical Settings Mixer Filled.png */; };
		698937C01DDA23B9006F0515 /* Vertical Settings Mixer_2.png in Resources */ = {isa = PBXBuildFile; fileRef = 6989379B1DDA23B9006F0515 /* Vertical Settings Mixer_2.png */; };
		698937C11DDA23B9006F0515 /* Vertical Settings Mixer.png in Resources */ = {isa = PBXBuildFile; fileRef = 6989379C1DDA23B9006F0515 /* Vertical Settings Mixer.png */; };
		698937C41DDA253A006F0515 /* CoreAudioKit.framework in Frameworks */ = {isa = PBXBuildFile; fileRef = 698937C31DDA253A006F0515 /* CoreAudioKit.framework */; };
		698937C61DDA2542006F0515 /* CoreMIDI.framework in Frameworks */ = {isa = PBXBuildFile; fileRef = 698937C51DDA2542006F0515 /* CoreMIDI.framework */; };
		69A084E41DD77B9B008AF00D /* main.m in Sources */ = {isa = PBXBuildFile; fileRef = 69A084E31DD77B9B008AF00D /* main.m */; };
		69A084E71DD77B9B008AF00D /* AppDelegate.m in Sources */ = {isa = PBXBuildFile; fileRef = 69A084E61DD77B9B008AF00D /* AppDelegate.m */; };
		69A084EA1DD77B9B008AF00D /* ViewController.m in Sources */ = {isa = PBXBuildFile; fileRef = 69A084E91DD77B9B008AF00D /* ViewController.m */; };
		69A084ED1DD77B9B008AF00D /* Main.storyboard in Resources */ = {isa = PBXBuildFile; fileRef = 69A084EB1DD77B9B008AF00D /* Main.storyboard */; };
		69A084EF1DD77B9B008AF00D /* Assets.xcassets in Resources */ = {isa = PBXBuildFile; fileRef = 69A084EE1DD77B9B008AF00D /* Assets.xcassets */; };
		69A084F21DD77B9B008AF00D /* LaunchScreen.storyboard in Resources */ = {isa = PBXBuildFile; fileRef = 69A084F01DD77B9B008AF00D /* LaunchScreen.storyboard */; };
		69A084FD1DD77B9B008AF00D /* FinalProject_NickTests.m in Sources */ = {isa = PBXBuildFile; fileRef = 69A084FC1DD77B9B008AF00D /* FinalProject_NickTests.m */; };
		69A085081DD77B9B008AF00D /* FinalProject_NickUITests.m in Sources */ = {isa = PBXBuildFile; fileRef = 69A085071DD77B9B008AF00D /* FinalProject_NickUITests.m */; };
		69A085171DD783A7008AF00D /* padViewController.m in Sources */ = {isa = PBXBuildFile; fileRef = 69A085161DD783A7008AF00D /* padViewController.m */; };
		69A0851A1DD788A0008AF00D /* controlsViewController.m in Sources */ = {isa = PBXBuildFile; fileRef = 69A085191DD788A0008AF00D /* controlsViewController.m */; };
		69A0851C1DD7ADA9008AF00D /* GUI For App 1-02.png in Resources */ = {isa = PBXBuildFile; fileRef = 69A0851B1DD7ADA9008AF00D /* GUI For App 1-02.png */; };
		69A0851E1DD7AE9F008AF00D /* GUI For App 1-03.png in Resources */ = {isa = PBXBuildFile; fileRef = 69A0851D1DD7AE9F008AF00D /* GUI For App 1-03.png */; };
		69A085201DD7AFED008AF00D /* GUI For App 1-05.png in Resources */ = {isa = PBXBuildFile; fileRef = 69A0851F1DD7AFED008AF00D /* GUI For App 1-05.png */; };
		69E6A4241DDA391000562E75 /* UIKit.framework in Frameworks */ = {isa = PBXBuildFile; fileRef = 69E6A4231DDA391000562E75 /* UIKit.framework */; };
		69E6A4261DDA391900562E75 /* Foundation.framework in Frameworks */ = {isa = PBXBuildFile; fileRef = 69E6A4251DDA391900562E75 /* Foundation.framework */; };
		69E6A4281DDA392100562E75 /* CoreGraphics.framework in Frameworks */ = {isa = PBXBuildFile; fileRef = 69E6A4271DDA392100562E75 /* CoreGraphics.framework */; };
/* End PBXBuildFile section */

/* Begin PBXContainerItemProxy section */
		69A084F91DD77B9B008AF00D /* PBXContainerItemProxy */ = {
			isa = PBXContainerItemProxy;
			containerPortal = 69A084D71DD77B9A008AF00D /* Project object */;
			proxyType = 1;
			remoteGlobalIDString = 69A084DE1DD77B9A008AF00D;
			remoteInfo = FinalProject_Nick;
		};
		69A085041DD77B9B008AF00D /* PBXContainerItemProxy */ = {
			isa = PBXContainerItemProxy;
			containerPortal = 69A084D71DD77B9A008AF00D /* Project object */;
			proxyType = 1;
			remoteGlobalIDString = 69A084DE1DD77B9A008AF00D;
			remoteInfo = FinalProject_Nick;
		};
/* End PBXContainerItemProxy section */

/* Begin PBXFileReference section */
		6928F79B1DDC6E640087EEEA /* PGMidi.h */ = {isa = PBXFileReference; fileEncoding = 4; lastKnownFileType = sourcecode.c.h; path = PGMidi.h; sourceTree = "<group>"; };
		6928F79C1DDC6E640087EEEA /* PGMidi.mm */ = {isa = PBXFileReference; fileEncoding = 4; lastKnownFileType = sourcecode.cpp.objcpp; path = PGMidi.mm; sourceTree = "<group>"; };
		6928F79D1DDC6E640087EEEA /* PGMidiAllSources.h */ = {isa = PBXFileReference; fileEncoding = 4; lastKnownFileType = sourcecode.c.h; path = PGMidiAllSources.h; sourceTree = "<group>"; };
		6928F79E1DDC6E640087EEEA /* PGMidiAllSources.mm */ = {isa = PBXFileReference; fileEncoding = 4; lastKnownFileType = sourcecode.cpp.objcpp; path = PGMidiAllSources.mm; sourceTree = "<group>"; };
		6928F79F1DDC6E640087EEEA /* PGMidiFind.h */ = {isa = PBXFileReference; fileEncoding = 4; lastKnownFileType = sourcecode.c.h; path = PGMidiFind.h; sourceTree = "<group>"; };
		6928F7A01DDC6E640087EEEA /* PGMidiFind.mm */ = {isa = PBXFileReference; fileEncoding = 4; lastKnownFileType = sourcecode.cpp.objcpp; path = PGMidiFind.mm; sourceTree = "<group>"; };
		698937781DDA23B9006F0515 /* 4 Filled.png */ = {isa = PBXFileReference; lastKnownFileType = image.png; path = "4 Filled.png"; sourceTree = "<group>"; };
		698937791DDA23B9006F0515 /* Activity Grid Filled.png */ = {isa = PBXFileReference; lastKnownFileType = image.png; path = "Activity Grid Filled.png"; sourceTree = "<group>"; };
		6989377A1DDA23B9006F0515 /* Activity Grid.png */ = {isa = PBXFileReference; lastKnownFileType = image.png; path = "Activity Grid.png"; sourceTree = "<group>"; };
		6989377B1DDA23B9006F0515 /* Bass Drum Filled.png */ = {isa = PBXFileReference; lastKnownFileType = image.png; path = "Bass Drum Filled.png"; sourceTree = "<group>"; };
		6989377C1DDA23B9006F0515 /* Bass Drum.png */ = {isa = PBXFileReference; lastKnownFileType = image.png; path = "Bass Drum.png"; sourceTree = "<group>"; };
		6989377D1DDA23B9006F0515 /* Circled 4 Filled.png */ = {isa = PBXFileReference; lastKnownFileType = image.png; path = "Circled 4 Filled.png"; sourceTree = "<group>"; };
		6989377E1DDA23B9006F0515 /* Circled 4.png */ = {isa = PBXFileReference; lastKnownFileType = image.png; path = "Circled 4.png"; sourceTree = "<group>"; };
		6989377F1DDA23B9006F0515 /* Circled 5 .png */ = {isa = PBXFileReference; lastKnownFileType = image.png; path = "Circled 5 .png"; sourceTree = "<group>"; };
		698937801DDA23B9006F0515 /* Electronic Music Filled.png */ = {isa = PBXFileReference; lastKnownFileType = image.png; path = "Electronic Music Filled.png"; sourceTree = "<group>"; };
		698937811DDA23B9006F0515 /* Electronic Music.png */ = {isa = PBXFileReference; lastKnownFileType = image.png; path = "Electronic Music.png"; sourceTree = "<group>"; };
		698937821DDA23B9006F0515 /* Fast Forward Filled.png */ = {isa = PBXFileReference; lastKnownFileType = image.png; path = "Fast Forward Filled.png"; sourceTree = "<group>"; };
		698937831DDA23B9006F0515 /* Fast Forward.png */ = {isa = PBXFileReference; lastKnownFileType = image.png; path = "Fast Forward.png"; sourceTree = "<group>"; };
		698937841DDA23B9006F0515 /* Horizontal Settings Mixer Filled.png */ = {isa = PBXFileReference; lastKnownFileType = image.png; path = "Horizontal Settings Mixer Filled.png"; sourceTree = "<group>"; };
		698937851DDA23B9006F0515 /* Horizontal Settings Mixer.png */ = {isa = PBXFileReference; lastKnownFileType = image.png; path = "Horizontal Settings Mixer.png"; sourceTree = "<group>"; };
		698937861DDA23B9006F0515 /* Mixer.png */ = {isa = PBXFileReference; lastKnownFileType = image.png; path = Mixer.png; sourceTree = "<group>"; };
		698937871DDA23B9006F0515 /* Musical Notes.png */ = {isa = PBXFileReference; lastKnownFileType = image.png; path = "Musical Notes.png"; sourceTree = "<group>"; };
		698937881DDA23B9006F0515 /* Piano Filled.png */ = {isa = PBXFileReference; lastKnownFileType = image.png; path = "Piano Filled.png"; sourceTree = "<group>"; };
		698937891DDA23B9006F0515 /* Piano.png */ = {isa = PBXFileReference; lastKnownFileType = image.png; path = Piano.png; sourceTree = "<group>"; };
		6989378A1DDA23B9006F0515 /* Play Filled.png */ = {isa = PBXFileReference; lastKnownFileType = image.png; path = "Play Filled.png"; sourceTree = "<group>"; };
		6989378B1DDA23B9006F0515 /* Play Record Filled.png */ = {isa = PBXFileReference; lastKnownFileType = image.png; path = "Play Record Filled.png"; sourceTree = "<group>"; };
		6989378C1DDA23B9006F0515 /* Play Record.png */ = {isa = PBXFileReference; lastKnownFileType = image.png; path = "Play Record.png"; sourceTree = "<group>"; };
		6989378D1DDA23B9006F0515 /* Play.png */ = {isa = PBXFileReference; lastKnownFileType = image.png; path = Play.png; sourceTree = "<group>"; };
		6989378E1DDA23B9006F0515 /* Record_2.png */ = {isa = PBXFileReference; lastKnownFileType = image.png; path = Record_2.png; sourceTree = "<group>"; };
		6989378F1DDA23B9006F0515 /* Record.png */ = {isa = PBXFileReference; lastKnownFileType = image.png; path = Record.png; sourceTree = "<group>"; };
		698937901DDA23B9006F0515 /* Repeat Filled.png */ = {isa = PBXFileReference; lastKnownFileType = image.png; path = "Repeat Filled.png"; sourceTree = "<group>"; };
		698937911DDA23B9006F0515 /* Repeat.png */ = {isa = PBXFileReference; lastKnownFileType = image.png; path = Repeat.png; sourceTree = "<group>"; };
		698937921DDA23B9006F0515 /* Rewind Filled.png */ = {isa = PBXFileReference; lastKnownFileType = image.png; path = "Rewind Filled.png"; sourceTree = "<group>"; };
		698937931DDA23B9006F0515 /* Rewind.png */ = {isa = PBXFileReference; lastKnownFileType = image.png; path = Rewind.png; sourceTree = "<group>"; };
		698937941DDA23B9006F0515 /* Skip to Start Filled.png */ = {isa = PBXFileReference; lastKnownFileType = image.png; path = "Skip to Start Filled.png"; sourceTree = "<group>"; };
		698937951DDA23B9006F0515 /* Skip to Start.png */ = {isa = PBXFileReference; lastKnownFileType = image.png; path = "Skip to Start.png"; sourceTree = "<group>"; };
		698937961DDA23B9006F0515 /* Stop Filled.png */ = {isa = PBXFileReference; lastKnownFileType = image.png; path = "Stop Filled.png"; sourceTree = "<group>"; };
		698937971DDA23B9006F0515 /* Stop.png */ = {isa = PBXFileReference; lastKnownFileType = image.png; path = Stop.png; sourceTree = "<group>"; };
		698937981DDA23B9006F0515 /* Time Filled.png */ = {isa = PBXFileReference; lastKnownFileType = image.png; path = "Time Filled.png"; sourceTree = "<group>"; };
		698937991DDA23B9006F0515 /* Time.png */ = {isa = PBXFileReference; lastKnownFileType = image.png; path = Time.png; sourceTree = "<group>"; };
		6989379A1DDA23B9006F0515 /* Vertical Settings Mixer Filled.png */ = {isa = PBXFileReference; lastKnownFileType = image.png; path = "Vertical Settings Mixer Filled.png"; sourceTree = "<group>"; };
		6989379B1DDA23B9006F0515 /* Vertical Settings Mixer_2.png */ = {isa = PBXFileReference; lastKnownFileType = image.png; path = "Vertical Settings Mixer_2.png"; sourceTree = "<group>"; };
		6989379C1DDA23B9006F0515 /* Vertical Settings Mixer.png */ = {isa = PBXFileReference; lastKnownFileType = image.png; path = "Vertical Settings Mixer.png"; sourceTree = "<group>"; };
		698937C31DDA253A006F0515 /* CoreAudioKit.framework */ = {isa = PBXFileReference; lastKnownFileType = wrapper.framework; name = CoreAudioKit.framework; path = System/Library/Frameworks/CoreAudioKit.framework; sourceTree = SDKROOT; };
		698937C51DDA2542006F0515 /* CoreMIDI.framework */ = {isa = PBXFileReference; lastKnownFileType = wrapper.framework; name = CoreMIDI.framework; path = System/Library/Frameworks/CoreMIDI.framework; sourceTree = SDKROOT; };
		69A084DF1DD77B9B008AF00D /* FinalProject_Nick.app */ = {isa = PBXFileReference; explicitFileType = wrapper.application; includeInIndex = 0; path = FinalProject_Nick.app; sourceTree = BUILT_PRODUCTS_DIR; };
		69A084E31DD77B9B008AF00D /* main.m */ = {isa = PBXFileReference; lastKnownFileType = sourcecode.c.objc; path = main.m; sourceTree = "<group>"; };
		69A084E51DD77B9B008AF00D /* AppDelegate.h */ = {isa = PBXFileReference; lastKnownFileType = sourcecode.c.h; path = AppDelegate.h; sourceTree = "<group>"; };
		69A084E61DD77B9B008AF00D /* AppDelegate.m */ = {isa = PBXFileReference; lastKnownFileType = sourcecode.c.objc; path = AppDelegate.m; sourceTree = "<group>"; };
		69A084E81DD77B9B008AF00D /* ViewController.h */ = {isa = PBXFileReference; lastKnownFileType = sourcecode.c.h; path = ViewController.h; sourceTree = "<group>"; };
		69A084E91DD77B9B008AF00D /* ViewController.m */ = {isa = PBXFileReference; lastKnownFileType = sourcecode.c.objc; path = ViewController.m; sourceTree = "<group>"; };
		69A084EC1DD77B9B008AF00D /* Base */ = {isa = PBXFileReference; lastKnownFileType = file.storyboard; name = Base; path = Base.lproj/Main.storyboard; sourceTree = "<group>"; };
		69A084EE1DD77B9B008AF00D /* Assets.xcassets */ = {isa = PBXFileReference; lastKnownFileType = folder.assetcatalog; path = Assets.xcassets; sourceTree = "<group>"; };
		69A084F11DD77B9B008AF00D /* Base */ = {isa = PBXFileReference; lastKnownFileType = file.storyboard; name = Base; path = Base.lproj/LaunchScreen.storyboard; sourceTree = "<group>"; };
		69A084F31DD77B9B008AF00D /* Info.plist */ = {isa = PBXFileReference; lastKnownFileType = text.plist.xml; path = Info.plist; sourceTree = "<group>"; };
		69A084F81DD77B9B008AF00D /* FinalProject_NickTests.xctest */ = {isa = PBXFileReference; explicitFileType = wrapper.cfbundle; includeInIndex = 0; path = FinalProject_NickTests.xctest; sourceTree = BUILT_PRODUCTS_DIR; };
		69A084FC1DD77B9B008AF00D /* FinalProject_NickTests.m */ = {isa = PBXFileReference; lastKnownFileType = sourcecode.c.objc; path = FinalProject_NickTests.m; sourceTree = "<group>"; };
		69A084FE1DD77B9B008AF00D /* Info.plist */ = {isa = PBXFileReference; lastKnownFileType = text.plist.xml; path = Info.plist; sourceTree = "<group>"; };
		69A085031DD77B9B008AF00D /* FinalProject_NickUITests.xctest */ = {isa = PBXFileReference; explicitFileType = wrapper.cfbundle; includeInIndex = 0; path = FinalProject_NickUITests.xctest; sourceTree = BUILT_PRODUCTS_DIR; };
		69A085071DD77B9B008AF00D /* FinalProject_NickUITests.m */ = {isa = PBXFileReference; lastKnownFileType = sourcecode.c.objc; path = FinalProject_NickUITests.m; sourceTree = "<group>"; };
		69A085091DD77B9B008AF00D /* Info.plist */ = {isa = PBXFileReference; lastKnownFileType = text.plist.xml; path = Info.plist; sourceTree = "<group>"; };
		69A085151DD783A7008AF00D /* padViewController.h */ = {isa = PBXFileReference; fileEncoding = 4; lastKnownFileType = sourcecode.c.h; path = padViewController.h; sourceTree = "<group>"; };
		69A085161DD783A7008AF00D /* padViewController.m */ = {isa = PBXFileReference; fileEncoding = 4; lastKnownFileType = sourcecode.c.objc; path = padViewController.m; sourceTree = "<group>"; };
		69A085181DD788A0008AF00D /* controlsViewController.h */ = {isa = PBXFileReference; fileEncoding = 4; lastKnownFileType = sourcecode.c.h; path = controlsViewController.h; sourceTree = "<group>"; };
		69A085191DD788A0008AF00D /* controlsViewController.m */ = {isa = PBXFileReference; fileEncoding = 4; lastKnownFileType = sourcecode.c.objc; path = controlsViewController.m; sourceTree = "<group>"; };
		69A0851B1DD7ADA9008AF00D /* GUI For App 1-02.png */ = {isa = PBXFileReference; lastKnownFileType = image.png; path = "GUI For App 1-02.png"; sourceTree = "<group>"; };
		69A0851D1DD7AE9F008AF00D /* GUI For App 1-03.png */ = {isa = PBXFileReference; lastKnownFileType = image.png; path = "GUI For App 1-03.png"; sourceTree = "<group>"; };
		69A0851F1DD7AFED008AF00D /* GUI For App 1-05.png */ = {isa = PBXFileReference; lastKnownFileType = image.png; path = "GUI For App 1-05.png"; sourceTree = "<group>"; };
		69E6A4231DDA391000562E75 /* UIKit.framework */ = {isa = PBXFileReference; lastKnownFileType = wrapper.framework; name = UIKit.framework; path = System/Library/Frameworks/UIKit.framework; sourceTree = SDKROOT; };
		69E6A4251DDA391900562E75 /* Foundation.framework */ = {isa = PBXFileReference; lastKnownFileType = wrapper.framework; name = Foundation.framework; path = System/Library/Frameworks/Foundation.framework; sourceTree = SDKROOT; };
		69E6A4271DDA392100562E75 /* CoreGraphics.framework */ = {isa = PBXFileReference; lastKnownFileType = wrapper.framework; name = CoreGraphics.framework; path = System/Library/Frameworks/CoreGraphics.framework; sourceTree = SDKROOT; };
/* End PBXFileReference section */

/* Begin PBXFrameworksBuildPhase section */
		69A084DC1DD77B9A008AF00D /* Frameworks */ = {
			isa = PBXFrameworksBuildPhase;
			buildActionMask = 2147483647;
			files = (
				69E6A4281DDA392100562E75 /* CoreGraphics.framework in Frameworks */,
				69E6A4261DDA391900562E75 /* Foundation.framework in Frameworks */,
				69E6A4241DDA391000562E75 /* UIKit.framework in Frameworks */,
				698937C61DDA2542006F0515 /* CoreMIDI.framework in Frameworks */,
				698937C41DDA253A006F0515 /* CoreAudioKit.framework in Frameworks */,
			);
			runOnlyForDeploymentPostprocessing = 0;
		};
		69A084F51DD77B9B008AF00D /* Frameworks */ = {
			isa = PBXFrameworksBuildPhase;
			buildActionMask = 2147483647;
			files = (
			);
			runOnlyForDeploymentPostprocessing = 0;
		};
		69A085001DD77B9B008AF00D /* Frameworks */ = {
			isa = PBXFrameworksBuildPhase;
			buildActionMask = 2147483647;
			files = (
			);
			runOnlyForDeploymentPostprocessing = 0;
		};
/* End PBXFrameworksBuildPhase section */

/* Begin PBXGroup section */
		698937C21DDA253A006F0515 /* Frameworks */ = {
			isa = PBXGroup;
			children = (
				69E6A4271DDA392100562E75 /* CoreGraphics.framework */,
				69E6A4251DDA391900562E75 /* Foundation.framework */,
				69E6A4231DDA391000562E75 /* UIKit.framework */,
				698937C51DDA2542006F0515 /* CoreMIDI.framework */,
				698937C31DDA253A006F0515 /* CoreAudioKit.framework */,
			);
			name = Frameworks;
			sourceTree = "<group>";
		};
		69A084D61DD77B9A008AF00D = {
			isa = PBXGroup;
			children = (
				69A084E11DD77B9B008AF00D /* FinalProject_Nick */,
				69A084FB1DD77B9B008AF00D /* FinalProject_NickTests */,
				69A085061DD77B9B008AF00D /* FinalProject_NickUITests */,
				69A084E01DD77B9B008AF00D /* Products */,
				698937C21DDA253A006F0515 /* Frameworks */,
			);
			sourceTree = "<group>";
		};
		69A084E01DD77B9B008AF00D /* Products */ = {
			isa = PBXGroup;
			children = (
				69A084DF1DD77B9B008AF00D /* FinalProject_Nick.app */,
				69A084F81DD77B9B008AF00D /* FinalProject_NickTests.xctest */,
				69A085031DD77B9B008AF00D /* FinalProject_NickUITests.xctest */,
			);
			name = Products;
			sourceTree = "<group>";
		};
		69A084E11DD77B9B008AF00D /* FinalProject_Nick */ = {
			isa = PBXGroup;
			children = (
				6928F79B1DDC6E640087EEEA /* PGMidi.h */,
				6928F79C1DDC6E640087EEEA /* PGMidi.mm */,
				6928F79D1DDC6E640087EEEA /* PGMidiAllSources.h */,
				6928F79E1DDC6E640087EEEA /* PGMidiAllSources.mm */,
				6928F79F1DDC6E640087EEEA /* PGMidiFind.h */,
				6928F7A01DDC6E640087EEEA /* PGMidiFind.mm */,
				698937781DDA23B9006F0515 /* 4 Filled.png */,
				698937791DDA23B9006F0515 /* Activity Grid Filled.png */,
				6989377A1DDA23B9006F0515 /* Activity Grid.png */,
				6989377B1DDA23B9006F0515 /* Bass Drum Filled.png */,
				6989377C1DDA23B9006F0515 /* Bass Drum.png */,
				6989377D1DDA23B9006F0515 /* Circled 4 Filled.png */,
				6989377E1DDA23B9006F0515 /* Circled 4.png */,
				6989377F1DDA23B9006F0515 /* Circled 5 .png */,
				698937801DDA23B9006F0515 /* Electronic Music Filled.png */,
				698937811DDA23B9006F0515 /* Electronic Music.png */,
				698937821DDA23B9006F0515 /* Fast Forward Filled.png */,
				698937831DDA23B9006F0515 /* Fast Forward.png */,
				698937841DDA23B9006F0515 /* Horizontal Settings Mixer Filled.png */,
				698937851DDA23B9006F0515 /* Horizontal Settings Mixer.png */,
				698937861DDA23B9006F0515 /* Mixer.png */,
				698937871DDA23B9006F0515 /* Musical Notes.png */,
				698937881DDA23B9006F0515 /* Piano Filled.png */,
				698937891DDA23B9006F0515 /* Piano.png */,
				6989378A1DDA23B9006F0515 /* Play Filled.png */,
				6989378B1DDA23B9006F0515 /* Play Record Filled.png */,
				6989378C1DDA23B9006F0515 /* Play Record.png */,
				6989378D1DDA23B9006F0515 /* Play.png */,
				6989378E1DDA23B9006F0515 /* Record_2.png */,
				6989378F1DDA23B9006F0515 /* Record.png */,
				698937901DDA23B9006F0515 /* Repeat Filled.png */,
				698937911DDA23B9006F0515 /* Repeat.png */,
				698937921DDA23B9006F0515 /* Rewind Filled.png */,
				698937931DDA23B9006F0515 /* Rewind.png */,
				698937941DDA23B9006F0515 /* Skip to Start Filled.png */,
				698937951DDA23B9006F0515 /* Skip to Start.png */,
				698937961DDA23B9006F0515 /* Stop Filled.png */,
				698937971DDA23B9006F0515 /* Stop.png */,
				698937981DDA23B9006F0515 /* Time Filled.png */,
				698937991DDA23B9006F0515 /* Time.png */,
				6989379A1DDA23B9006F0515 /* Vertical Settings Mixer Filled.png */,
				6989379B1DDA23B9006F0515 /* Vertical Settings Mixer_2.png */,
				6989379C1DDA23B9006F0515 /* Vertical Settings Mixer.png */,
				69A0851B1DD7ADA9008AF00D /* GUI For App 1-02.png */,
				69A0851F1DD7AFED008AF00D /* GUI For App 1-05.png */,
				69A0851D1DD7AE9F008AF00D /* GUI For App 1-03.png */,
				69A084E51DD77B9B008AF00D /* AppDelegate.h */,
				69A084E61DD77B9B008AF00D /* AppDelegate.m */,
				69A084E81DD77B9B008AF00D /* ViewController.h */,
				69A084E91DD77B9B008AF00D /* ViewController.m */,
				69A084EB1DD77B9B008AF00D /* Main.storyboard */,
				69A085151DD783A7008AF00D /* padViewController.h */,
				69A085161DD783A7008AF00D /* padViewController.m */,
				69A085181DD788A0008AF00D /* controlsViewController.h */,
				69A085191DD788A0008AF00D /* controlsViewController.m */,
				69A084EE1DD77B9B008AF00D /* Assets.xcassets */,
				69A084F01DD77B9B008AF00D /* LaunchScreen.storyboard */,
				69A084F31DD77B9B008AF00D /* Info.plist */,
				69A084E21DD77B9B008AF00D /* Supporting Files */,
			);
			path = FinalProject_Nick;
			sourceTree = "<group>";
		};
		69A084E21DD77B9B008AF00D /* Supporting Files */ = {
			isa = PBXGroup;
			children = (
				69A084E31DD77B9B008AF00D /* main.m */,
			);
			name = "Supporting Files";
			sourceTree = "<group>";
		};
		69A084FB1DD77B9B008AF00D /* FinalProject_NickTests */ = {
			isa = PBXGroup;
			children = (
				69A084FC1DD77B9B008AF00D /* FinalProject_NickTests.m */,
				69A084FE1DD77B9B008AF00D /* Info.plist */,
			);
			path = FinalProject_NickTests;
			sourceTree = "<group>";
		};
		69A085061DD77B9B008AF00D /* FinalProject_NickUITests */ = {
			isa = PBXGroup;
			children = (
				69A085071DD77B9B008AF00D /* FinalProject_NickUITests.m */,
				69A085091DD77B9B008AF00D /* Info.plist */,
			);
			path = FinalProject_NickUITests;
			sourceTree = "<group>";
		};
/* End PBXGroup section */

/* Begin PBXNativeTarget section */
		69A084DE1DD77B9A008AF00D /* FinalProject_Nick */ = {
			isa = PBXNativeTarget;
			buildConfigurationList = 69A0850C1DD77B9B008AF00D /* Build configuration list for PBXNativeTarget "FinalProject_Nick" */;
			buildPhases = (
				69A084DB1DD77B9A008AF00D /* Sources */,
				69A084DC1DD77B9A008AF00D /* Frameworks */,
				69A084DD1DD77B9A008AF00D /* Resources */,
			);
			buildRules = (
			);
			dependencies = (
			);
			name = FinalProject_Nick;
			productName = FinalProject_Nick;
			productReference = 69A084DF1DD77B9B008AF00D /* FinalProject_Nick.app */;
			productType = "com.apple.product-type.application";
		};
		69A084F71DD77B9B008AF00D /* FinalProject_NickTests */ = {
			isa = PBXNativeTarget;
			buildConfigurationList = 69A0850F1DD77B9B008AF00D /* Build configuration list for PBXNativeTarget "FinalProject_NickTests" */;
			buildPhases = (
				69A084F41DD77B9B008AF00D /* Sources */,
				69A084F51DD77B9B008AF00D /* Frameworks */,
				69A084F61DD77B9B008AF00D /* Resources */,
			);
			buildRules = (
			);
			dependencies = (
				69A084FA1DD77B9B008AF00D /* PBXTargetDependency */,
			);
			name = FinalProject_NickTests;
			productName = FinalProject_NickTests;
			productReference = 69A084F81DD77B9B008AF00D /* FinalProject_NickTests.xctest */;
			productType = "com.apple.product-type.bundle.unit-test";
		};
		69A085021DD77B9B008AF00D /* FinalProject_NickUITests */ = {
			isa = PBXNativeTarget;
			buildConfigurationList = 69A085121DD77B9B008AF00D /* Build configuration list for PBXNativeTarget "FinalProject_NickUITests" */;
			buildPhases = (
				69A084FF1DD77B9B008AF00D /* Sources */,
				69A085001DD77B9B008AF00D /* Frameworks */,
				69A085011DD77B9B008AF00D /* Resources */,
			);
			buildRules = (
			);
			dependencies = (
				69A085051DD77B9B008AF00D /* PBXTargetDependency */,
			);
			name = FinalProject_NickUITests;
			productName = FinalProject_NickUITests;
			productReference = 69A085031DD77B9B008AF00D /* FinalProject_NickUITests.xctest */;
			productType = "com.apple.product-type.bundle.ui-testing";
		};
/* End PBXNativeTarget section */

/* Begin PBXProject section */
		69A084D71DD77B9A008AF00D /* Project object */ = {
			isa = PBXProject;
			attributes = {
				LastUpgradeCheck = 0810;
				ORGANIZATIONNAME = "Nick Savva";
				TargetAttributes = {
					69A084DE1DD77B9A008AF00D = {
						CreatedOnToolsVersion = 8.1;
						ProvisioningStyle = Automatic;
					};
					69A084F71DD77B9B008AF00D = {
						CreatedOnToolsVersion = 8.1;
						ProvisioningStyle = Automatic;
						TestTargetID = 69A084DE1DD77B9A008AF00D;
					};
					69A085021DD77B9B008AF00D = {
						CreatedOnToolsVersion = 8.1;
						ProvisioningStyle = Automatic;
						TestTargetID = 69A084DE1DD77B9A008AF00D;
					};
				};
			};
			buildConfigurationList = 69A084DA1DD77B9A008AF00D /* Build configuration list for PBXProject "FinalProject_Nick" */;
			compatibilityVersion = "Xcode 3.2";
			developmentRegion = English;
			hasScannedForEncodings = 0;
			knownRegions = (
				en,
				Base,
			);
			mainGroup = 69A084D61DD77B9A008AF00D;
			productRefGroup = 69A084E01DD77B9B008AF00D /* Products */;
			projectDirPath = "";
			projectRoot = "";
			targets = (
				69A084DE1DD77B9A008AF00D /* FinalProject_Nick */,
				69A084F71DD77B9B008AF00D /* FinalProject_NickTests */,
				69A085021DD77B9B008AF00D /* FinalProject_NickUITests */,
			);
		};
/* End PBXProject section */

/* Begin PBXResourcesBuildPhase section */
		69A084DD1DD77B9A008AF00D /* Resources */ = {
			isa = PBXResourcesBuildPhase;
			buildActionMask = 2147483647;
			files = (
				698937B01DDA23B9006F0515 /* Play Record Filled.png in Resources */,
				698937A61DDA23B9006F0515 /* Electronic Music.png in Resources */,
				698937BE1DDA23B9006F0515 /* Time.png in Resources */,
				698937B91DDA23B9006F0515 /* Skip to Start Filled.png in Resources */,
				698937B71DDA23B9006F0515 /* Rewind Filled.png in Resources */,
				698937A71DDA23B9006F0515 /* Fast Forward Filled.png in Resources */,
				698937A81DDA23B9006F0515 /* Fast Forward.png in Resources */,
				698937AE1DDA23B9006F0515 /* Piano.png in Resources */,
				698937AD1DDA23B9006F0515 /* Piano Filled.png in Resources */,
				6989379F1DDA23B9006F0515 /* Activity Grid.png in Resources */,
				698937A21DDA23B9006F0515 /* Circled 4 Filled.png in Resources */,
				698937A31DDA23B9006F0515 /* Circled 4.png in Resources */,
				698937BF1DDA23B9006F0515 /* Vertical Settings Mixer Filled.png in Resources */,
				698937A11DDA23B9006F0515 /* Bass Drum.png in Resources */,
				69A0851C1DD7ADA9008AF00D /* GUI For App 1-02.png in Resources */,
				698937AA1DDA23B9006F0515 /* Horizontal Settings Mixer.png in Resources */,
				698937AB1DDA23B9006F0515 /* Mixer.png in Resources */,
				698937B31DDA23B9006F0515 /* Record_2.png in Resources */,
				698937BA1DDA23B9006F0515 /* Skip to Start.png in Resources */,
				698937C01DDA23B9006F0515 /* Vertical Settings Mixer_2.png in Resources */,
				698937A01DDA23B9006F0515 /* Bass Drum Filled.png in Resources */,
				698937A91DDA23B9006F0515 /* Horizontal Settings Mixer Filled.png in Resources */,
				698937A41DDA23B9006F0515 /* Circled 5 .png in Resources */,
				698937A51DDA23B9006F0515 /* Electronic Music Filled.png in Resources */,
				69A084F21DD77B9B008AF00D /* LaunchScreen.storyboard in Resources */,
				69A0851E1DD7AE9F008AF00D /* GUI For App 1-03.png in Resources */,
				6989379D1DDA23B9006F0515 /* 4 Filled.png in Resources */,
				698937B51DDA23B9006F0515 /* Repeat Filled.png in Resources */,
				698937B11DDA23B9006F0515 /* Play Record.png in Resources */,
				69A085201DD7AFED008AF00D /* GUI For App 1-05.png in Resources */,
				69A084EF1DD77B9B008AF00D /* Assets.xcassets in Resources */,
				698937BD1DDA23B9006F0515 /* Time Filled.png in Resources */,
				698937AF1DDA23B9006F0515 /* Play Filled.png in Resources */,
				698937BC1DDA23B9006F0515 /* Stop.png in Resources */,
				698937BB1DDA23B9006F0515 /* Stop Filled.png in Resources */,
				698937AC1DDA23B9006F0515 /* Musical Notes.png in Resources */,
				698937C11DDA23B9006F0515 /* Vertical Settings Mixer.png in Resources */,
				698937B21DDA23B9006F0515 /* Play.png in Resources */,
				6989379E1DDA23B9006F0515 /* Activity Grid Filled.png in Resources */,
				698937B81DDA23B9006F0515 /* Rewind.png in Resources */,
				698937B41DDA23B9006F0515 /* Record.png in Resources */,
				698937B61DDA23B9006F0515 /* Repeat.png in Resources */,
				69A084ED1DD77B9B008AF00D /* Main.storyboard in Resources */,
			);
			runOnlyForDeploymentPostprocessing = 0;
		};
		69A084F61DD77B9B008AF00D /* Resources */ = {
			isa = PBXResourcesBuildPhase;
			buildActionMask = 2147483647;
			files = (
			);
			runOnlyForDeploymentPostprocessing = 0;
		};
		69A085011DD77B9B008AF00D /* Resources */ = {
			isa = PBXResourcesBuildPhase;
			buildActionMask = 2147483647;
			files = (
			);
			runOnlyForDeploymentPostprocessing = 0;
		};
/* End PBXResourcesBuildPhase section */

/* Begin PBXSourcesBuildPhase section */
		69A084DB1DD77B9A008AF00D /* Sources */ = {
			isa = PBXSourcesBuildPhase;
			buildActionMask = 2147483647;
			files = (
				6928F7A31DDC6E640087EEEA /* PGMidiFind.mm in Sources */,
				6928F7A21DDC6E640087EEEA /* PGMidiAllSources.mm in Sources */,
				69A084EA1DD77B9B008AF00D /* ViewController.m in Sources */,
				6928F7A11DDC6E640087EEEA /* PGMidi.mm in Sources */,
				69A0851A1DD788A0008AF00D /* controlsViewController.m in Sources */,
				69A084E71DD77B9B008AF00D /* AppDelegate.m in Sources */,
				69A085171DD783A7008AF00D /* padViewController.m in Sources */,
				69A084E41DD77B9B008AF00D /* main.m in Sources */,
			);
			runOnlyForDeploymentPostprocessing = 0;
		};
		69A084F41DD77B9B008AF00D /* Sources */ = {
			isa = PBXSourcesBuildPhase;
			buildActionMask = 2147483647;
			files = (
				69A084FD1DD77B9B008AF00D /* FinalProject_NickTests.m in Sources */,
			);
			runOnlyForDeploymentPostprocessing = 0;
		};
		69A084FF1DD77B9B008AF00D /* Sources */ = {
			isa = PBXSourcesBuildPhase;
			buildActionMask = 2147483647;
			files = (
				69A085081DD77B9B008AF00D /* FinalProject_NickUITests.m in Sources */,
			);
			runOnlyForDeploymentPostprocessing = 0;
		};
/* End PBXSourcesBuildPhase section */

/* Begin PBXTargetDependency section */
		69A084FA1DD77B9B008AF00D /* PBXTargetDependency */ = {
			isa = PBXTargetDependency;
			target = 69A084DE1DD77B9A008AF00D /* FinalProject_Nick */;
			targetProxy = 69A084F91DD77B9B008AF00D /* PBXContainerItemProxy */;
		};
		69A085051DD77B9B008AF00D /* PBXTargetDependency */ = {
			isa = PBXTargetDependency;
			target = 69A084DE1DD77B9A008AF00D /* FinalProject_Nick */;
			targetProxy = 69A085041DD77B9B008AF00D /* PBXContainerItemProxy */;
		};
/* End PBXTargetDependency section */

/* Begin PBXVariantGroup section */
		69A084EB1DD77B9B008AF00D /* Main.storyboard */ = {
			isa = PBXVariantGroup;
			children = (
				69A084EC1DD77B9B008AF00D /* Base */,
			);
			name = Main.storyboard;
			sourceTree = "<group>";
		};
		69A084F01DD77B9B008AF00D /* LaunchScreen.storyboard */ = {
			isa = PBXVariantGroup;
			children = (
				69A084F11DD77B9B008AF00D /* Base */,
			);
			name = LaunchScreen.storyboard;
			sourceTree = "<group>";
		};
/* End PBXVariantGroup section */

/* Begin XCBuildConfiguration section */
		69A0850A1DD77B9B008AF00D /* Debug */ = {
			isa = XCBuildConfiguration;
			buildSettings = {
				ALWAYS_SEARCH_USER_PATHS = NO;
				CLANG_ANALYZER_NONNULL = YES;
				CLANG_CXX_LANGUAGE_STANDARD = "gnu++0x";
				CLANG_CXX_LIBRARY = "libc++";
				CLANG_ENABLE_MODULES = YES;
				CLANG_ENABLE_OBJC_ARC = YES;
				CLANG_WARN_BOOL_CONVERSION = YES;
				CLANG_WARN_CONSTANT_CONVERSION = YES;
				CLANG_WARN_DIRECT_OBJC_ISA_USAGE = YES_ERROR;
				CLANG_WARN_DOCUMENTATION_COMMENTS = YES;
				CLANG_WARN_EMPTY_BODY = YES;
				CLANG_WARN_ENUM_CONVERSION = YES;
				CLANG_WARN_INFINITE_RECURSION = YES;
				CLANG_WARN_INT_CONVERSION = YES;
				CLANG_WARN_OBJC_ROOT_CLASS = YES_ERROR;
				CLANG_WARN_SUSPICIOUS_MOVES = YES;
				CLANG_WARN_UNREACHABLE_CODE = YES;
				CLANG_WARN__DUPLICATE_METHOD_MATCH = YES;
				"CODE_SIGN_IDENTITY[sdk=iphoneos*]" = "iPhone Developer";
				COPY_PHASE_STRIP = NO;
				DEBUG_INFORMATION_FORMAT = dwarf;
				ENABLE_STRICT_OBJC_MSGSEND = YES;
				ENABLE_TESTABILITY = YES;
				GCC_C_LANGUAGE_STANDARD = gnu99;
				GCC_DYNAMIC_NO_PIC = NO;
				GCC_NO_COMMON_BLOCKS = YES;
				GCC_OPTIMIZATION_LEVEL = 0;
				GCC_PREPROCESSOR_DEFINITIONS = (
					"DEBUG=1",
					"$(inherited)",
				);
				GCC_WARN_64_TO_32_BIT_CONVERSION = YES;
				GCC_WARN_ABOUT_RETURN_TYPE = YES_ERROR;
				GCC_WARN_UNDECLARED_SELECTOR = YES;
				GCC_WARN_UNINITIALIZED_AUTOS = YES_AGGRESSIVE;
				GCC_WARN_UNUSED_FUNCTION = YES;
				GCC_WARN_UNUSED_VARIABLE = YES;
				IPHONEOS_DEPLOYMENT_TARGET = 10.1;
				MTL_ENABLE_DEBUG_INFO = YES;
				ONLY_ACTIVE_ARCH = YES;
				SDKROOT = iphoneos;
				TARGETED_DEVICE_FAMILY = "1,2";
			};
			name = Debug;
		};
		69A0850B1DD77B9B008AF00D /* Release */ = {
			isa = XCBuildConfiguration;
			buildSettings = {
				ALWAYS_SEARCH_USER_PATHS = NO;
				CLANG_ANALYZER_NONNULL = YES;
				CLANG_CXX_LANGUAGE_STANDARD = "gnu++0x";
				CLANG_CXX_LIBRARY = "libc++";
				CLANG_ENABLE_MODULES = YES;
				CLANG_ENABLE_OBJC_ARC = YES;
				CLANG_WARN_BOOL_CONVERSION = YES;
				CLANG_WARN_CONSTANT_CONVERSION = YES;
				CLANG_WARN_DIRECT_OBJC_ISA_USAGE = YES_ERROR;
				CLANG_WARN_DOCUMENTATION_COMMENTS = YES;
				CLANG_WARN_EMPTY_BODY = YES;
				CLANG_WARN_ENUM_CONVERSION = YES;
				CLANG_WARN_INFINITE_RECURSION = YES;
				CLANG_WARN_INT_CONVERSION = YES;
				CLANG_WARN_OBJC_ROOT_CLASS = YES_ERROR;
				CLANG_WARN_SUSPICIOUS_MOVES = YES;
				CLANG_WARN_UNREACHABLE_CODE = YES;
				CLANG_WARN__DUPLICATE_METHOD_MATCH = YES;
				"CODE_SIGN_IDENTITY[sdk=iphoneos*]" = "iPhone Developer";
				COPY_PHASE_STRIP = NO;
				DEBUG_INFORMATION_FORMAT = "dwarf-with-dsym";
				ENABLE_NS_ASSERTIONS = NO;
				ENABLE_STRICT_OBJC_MSGSEND = YES;
				GCC_C_LANGUAGE_STANDARD = gnu99;
				GCC_NO_COMMON_BLOCKS = YES;
				GCC_WARN_64_TO_32_BIT_CONVERSION = YES;
				GCC_WARN_ABOUT_RETURN_TYPE = YES_ERROR;
				GCC_WARN_UNDECLARED_SELECTOR = YES;
				GCC_WARN_UNINITIALIZED_AUTOS = YES_AGGRESSIVE;
				GCC_WARN_UNUSED_FUNCTION = YES;
				GCC_WARN_UNUSED_VARIABLE = YES;
				IPHONEOS_DEPLOYMENT_TARGET = 10.1;
				MTL_ENABLE_DEBUG_INFO = NO;
				SDKROOT = iphoneos;
				TARGETED_DEVICE_FAMILY = "1,2";
				VALIDATE_PRODUCT = YES;
			};
			name = Release;
		};
		69A0850D1DD77B9B008AF00D /* Debug */ = {
			isa = XCBuildConfiguration;
			buildSettings = {
				ASSETCATALOG_COMPILER_APPICON_NAME = AppIcon;
				FRAMEWORK_SEARCH_PATHS = (
					"$(inherited)",
					"$(PROJECT_DIR)",
				);
				INFOPLIST_FILE = FinalProject_Nick/Info.plist;
				IPHONEOS_DEPLOYMENT_TARGET = 10.1;
				LD_RUNPATH_SEARCH_PATHS = "$(inherited) @executable_path/Frameworks";
				PRODUCT_BUNDLE_IDENTIFIER = "leeds.ac.uk.FinalProject-Nick";
				PRODUCT_NAME = "$(TARGET_NAME)";
				TARGETED_DEVICE_FAMILY = "1,2";
			};
			name = Debug;
		};
		69A0850E1DD77B9B008AF00D /* Release */ = {
			isa = XCBuildConfiguration;
			buildSettings = {
				ASSETCATALOG_COMPILER_APPICON_NAME = AppIcon;
				FRAMEWORK_SEARCH_PATHS = (
					"$(inherited)",
					"$(PROJECT_DIR)",
				);
				INFOPLIST_FILE = FinalProject_Nick/Info.plist;
				IPHONEOS_DEPLOYMENT_TARGET = 10.1;
				LD_RUNPATH_SEARCH_PATHS = "$(inherited) @executable_path/Frameworks";
				PRODUCT_BUNDLE_IDENTIFIER = "leeds.ac.uk.FinalProject-Nick";
				PRODUCT_NAME = "$(TARGET_NAME)";
				TARGETED_DEVICE_FAMILY = "1,2";
			};
			name = Release;
		};
		69A085101DD77B9B008AF00D /* Debug */ = {
			isa = XCBuildConfiguration;
			buildSettings = {
				BUNDLE_LOADER = "$(TEST_HOST)";
				INFOPLIST_FILE = FinalProject_NickTests/Info.plist;
				LD_RUNPATH_SEARCH_PATHS = "$(inherited) @executable_path/Frameworks @loader_path/Frameworks";
				PRODUCT_BUNDLE_IDENTIFIER = "leeds.ac.uk.FinalProject-NickTests";
				PRODUCT_NAME = "$(TARGET_NAME)";
				TEST_HOST = "$(BUILT_PRODUCTS_DIR)/FinalProject_Nick.app/FinalProject_Nick";
			};
			name = Debug;
		};
		69A085111DD77B9B008AF00D /* Release */ = {
			isa = XCBuildConfiguration;
			buildSettings = {
				BUNDLE_LOADER = "$(TEST_HOST)";
				INFOPLIST_FILE = FinalProject_NickTests/Info.plist;
				LD_RUNPATH_SEARCH_PATHS = "$(inherited) @executable_path/Frameworks @loader_path/Frameworks";
				PRODUCT_BUNDLE_IDENTIFIER = "leeds.ac.uk.FinalProject-NickTests";
				PRODUCT_NAME = "$(TARGET_NAME)";
				TEST_HOST = "$(BUILT_PRODUCTS_DIR)/FinalProject_Nick.app/FinalProject_Nick";
			};
			name = Release;
		};
		69A085131DD77B9B008AF00D /* Debug */ = {
			isa = XCBuildConfiguration;
			buildSettings = {
				INFOPLIST_FILE = FinalProject_NickUITests/Info.plist;
				LD_RUNPATH_SEARCH_PATHS = "$(inherited) @executable_path/Frameworks @loader_path/Frameworks";
				PRODUCT_BUNDLE_IDENTIFIER = "leeds.ac.uk.FinalProject-NickUITests";
				PRODUCT_NAME = "$(TARGET_NAME)";
				TEST_TARGET_NAME = FinalProject_Nick;
			};
			name = Debug;
		};
		69A085141DD77B9B008AF00D /* Release */ = {
			isa = XCBuildConfiguration;
			buildSettings = {
				INFOPLIST_FILE = FinalProject_NickUITests/Info.plist;
				LD_RUNPATH_SEARCH_PATHS = "$(inherited) @executable_path/Frameworks @loader_path/Frameworks";
				PRODUCT_BUNDLE_IDENTIFIER = "leeds.ac.uk.FinalProject-NickUITests";
				PRODUCT_NAME = "$(TARGET_NAME)";
				TEST_TARGET_NAME = FinalProject_Nick;
			};
			name = Release;
		};
/* End XCBuildConfiguration section */

/* Begin XCConfigurationList section */
		69A084DA1DD77B9A008AF00D /* Build configuration list for PBXProject "FinalProject_Nick" */ = {
			isa = XCConfigurationList;
			buildConfigurations = (
				69A0850A1DD77B9B008AF00D /* Debug */,
				69A0850B1DD77B9B008AF00D /* Release */,
			);
			defaultConfigurationIsVisible = 0;
			defaultConfigurationName = Release;
		};
		69A0850C1DD77B9B008AF00D /* Build configuration list for PBXNativeTarget "FinalProject_Nick" */ = {
			isa = XCConfigurationList;
			buildConfigurations = (
				69A0850D1DD77B9B008AF00D /* Debug */,
				69A0850E1DD77B9B008AF00D /* Release */,
			);
			defaultConfigurationIsVisible = 0;
			defaultConfigurationName = Release;
		};
		69A0850F1DD77B9B008AF00D /* Build configuration list for PBXNativeTarget "FinalProject_NickTests" */ = {
			isa = XCConfigurationList;
			buildConfigurations = (
				69A085101DD77B9B008AF00D /* Debug */,
				69A085111DD77B9B008AF00D /* Release */,
			);
			defaultConfigurationIsVisible = 0;
			defaultConfigurationName = Release;
		};
		69A085121DD77B9B008AF00D /* Build configuration list for PBXNativeTarget "FinalProject_NickUITests" */ = {
			isa = XCConfigurationList;
			buildConfigurations = (
				69A085131DD77B9B008AF00D /* Debug */,
				69A085141DD77B9B008AF00D /* Release */,
			);
			defaultConfigurationIsVisible = 0;
			defaultConfigurationName = Release;
		};
/* End XCConfigurationList section */
	};
	rootObject = 69A084D71DD77B9A008AF00D /* Project object */;
}
